
Microsoft Visual Studio Solution File, Format Version 12.00
# Visual Studio Version 16
VisualStudioVersion = 16.0.29123.88
MinimumVisualStudioVersion = 10.0.40219.1
Project("{9A19103F-16F7-4668-BE54-9A1E7A4F7556}") = "cmstar", "src\cmstar\cmstar.csproj", "{87564CC7-CB46-4250-9F19-1CD1D145CA67}"
EndProject
Project("{9A19103F-16F7-4668-BE54-9A1E7A4F7556}") = "cmstar.Tests", "src\cmstar.Tests\cmstar.Tests.csproj", "{7D9015FA-FBAD-4E8C-80FA-165A6138752B}"
EndProject
Project("{2150E333-8FDC-42A3-9474-1A3956D46DE8}") = "lib", "lib", "{5C94A246-7A96-4782-9A32-F881CCE78F8A}"
EndProject
Project("{2150E333-8FDC-42A3-9474-1A3956D46DE8}") = "tests", "tests", "{3B70E677-C4A1-42BB-8369-48E52D55F31C}"
EndProject
Project("{2150E333-8FDC-42A3-9474-1A3956D46DE8}") = "doc", "doc", "{0B5FDE2B-83FF-413F-9DC9-DE19006B3678}"
	ProjectSection(SolutionItems) = preProject
		README.md = README.md
	EndProjectSection
EndProject
Global
	GlobalSection(SolutionConfigurationPlatforms) = preSolution
		Debug|Any CPU = Debug|Any CPU
		Release|Any CPU = Release|Any CPU
	EndGlobalSection
	GlobalSection(ProjectConfigurationPlatforms) = postSolution
		{87564CC7-CB46-4250-9F19-1CD1D145CA67}.Debug|Any CPU.ActiveCfg = Debug|Any CPU
		{87564CC7-CB46-4250-9F19-1CD1D145CA67}.Debug|Any CPU.Build.0 = Debug|Any CPU
		{87564CC7-CB46-4250-9F19-1CD1D145CA67}.Release|Any CPU.ActiveCfg = Release|Any CPU
		{87564CC7-CB46-4250-9F19-1CD1D145CA67}.Release|Any CPU.Build.0 = Release|Any CPU
		{7D9015FA-FBAD-4E8C-80FA-165A6138752B}.Debug|Any CPU.ActiveCfg = Debug|Any CPU
		{7D9015FA-FBAD-4E8C-80FA-165A6138752B}.Debug|Any CPU.Build.0 = Debug|Any CPU
		{7D9015FA-FBAD-4E8C-80FA-165A6138752B}.Release|Any CPU.ActiveCfg = Release|Any CPU
		{7D9015FA-FBAD-4E8C-80FA-165A6138752B}.Release|Any CPU.Build.0 = Release|Any CPU
	EndGlobalSection
	GlobalSection(SolutionProperties) = preSolution
		HideSolutionNode = FALSE
	EndGlobalSection
	GlobalSection(NestedProjects) = preSolution
		{87564CC7-CB46-4250-9F19-1CD1D145CA67} = {5C94A246-7A96-4782-9A32-F881CCE78F8A}
		{7D9015FA-FBAD-4E8C-80FA-165A6138752B} = {3B70E677-C4A1-42BB-8369-48E52D55F31C}
	EndGlobalSection
	GlobalSection(ExtensibilityGlobals) = postSolution
		SolutionGuid = {6657CA78-4C0F-48F0-A3CE-766FF962D545}
	EndGlobalSection
EndGlobal
